
Microsoft Visual Studio Solution File, Format Version 12.00
# Visual Studio 15
VisualStudioVersion = 15.0.27703.2026
MinimumVisualStudioVersion = 10.0.40219.1
Project("{9A19103F-16F7-4668-BE54-9A1E7A4F7556}") = "Analyzer", "Analyzer\Analyzer.csproj", "{7EB385DC-AD83-489A-9C6F-2135BDE20DBF}"
EndProject
Project("{9A19103F-16F7-4668-BE54-9A1E7A4F7556}") = "Analyzer.Data.Tests", "Analyzer.Tests\Analyzer.Data.Tests.csproj", "{C22447E5-9FA9-4930-BBB3-B05702D404E4}"
EndProject
Project("{9A19103F-16F7-4668-BE54-9A1E7A4F7556}") = "Analyzer.Domain", "Analyzer.Domain\Analyzer.Domain.csproj", "{A97E7C38-F6B1-4394-A870-DB60A5A08304}"
EndProject
Project("{9A19103F-16F7-4668-BE54-9A1E7A4F7556}") = "Analyzer.Data", "Analyzer.Data\Analyzer.Data.csproj", "{0E93F86A-7F37-459A-B55D-934B1A7B24BD}"
EndProject
Project("{2150E333-8FDC-42A3-9474-1A3956D46DE8}") = "Solution Items", "Solution Items", "{B346C140-FA03-4741-9F96-A695D984E0DD}"
	ProjectSection(SolutionItems) = preProject
		README.txt = README.txt
		todo.txt = todo.txt
		version.txt = version.txt
	EndProjectSection
EndProject
Project("{9A19103F-16F7-4668-BE54-9A1E7A4F7556}") = "Tools", "DevOps\Tools.csproj", "{4B9FE0B3-DB5D-4021-A6D1-59B1295CBD1A}"
EndProject
Project("{2150E333-8FDC-42A3-9474-1A3956D46DE8}") = "DevOps", "DevOps", "{F5A543B5-E225-4222-8937-EEB84639D318}"
	ProjectSection(SolutionItems) = preProject
		DevOps\coverage.sh = DevOps\coverage.sh
		..\devOps\gd3-alias.json = ..\devOps\gd3-alias.json
		DevOps\release.sh = DevOps\release.sh
	EndProjectSection
EndProject
Project("{9A19103F-16F7-4668-BE54-9A1E7A4F7556}") = "Analyzer.Domain.Tests", "Analyzer.Domain.Tests\Analyzer.Domain.Tests.csproj", "{E95051DD-A29B-480F-A05A-C5943F759968}"
EndProject
Project("{9A19103F-16F7-4668-BE54-9A1E7A4F7556}") = "Analyzer.Data.Test.Utils", "Analyzer.Data.Test.Utils\Analyzer.Data.Test.Utils.csproj", "{F8FF5124-0986-402E-A0B8-B4469FD2EEF9}"
EndProject
Project("{9A19103F-16F7-4668-BE54-9A1E7A4F7556}") = "Analyzer.UseCase", "Analyzer.UseCase\Analyzer.UseCase.csproj", "{BCA2719A-51DE-417F-AF43-77F3E791186D}"
EndProject
Project("{9A19103F-16F7-4668-BE54-9A1E7A4F7556}") = "Analyzer.UseCase.Tests", "Analyzer.UseCase.Tests\Analyzer.UseCase.Tests.csproj", "{E8592E31-D5C9-41A8-9BF4-F897D39C7F24}"
EndProject
Project("{9A19103F-16F7-4668-BE54-9A1E7A4F7556}") = "Analyzer.Presenter", "Analyzer.Presenter\Analyzer.Presenter.csproj", "{BB01ACC6-C043-4106-BCEB-171AD653EDF8}"
EndProject
Project("{9A19103F-16F7-4668-BE54-9A1E7A4F7556}") = "Anaylzer.Presenter.Tests", "Anaylzer.Presenter.Tests\Anaylzer.Presenter.Tests.csproj", "{0AF812ED-170C-421E-A9F0-DB1874147E3A}"
EndProject
Global
	GlobalSection(SolutionConfigurationPlatforms) = preSolution
		Debug|Any CPU = Debug|Any CPU
		Release|Any CPU = Release|Any CPU
	EndGlobalSection
	GlobalSection(ProjectConfigurationPlatforms) = postSolution
		{7EB385DC-AD83-489A-9C6F-2135BDE20DBF}.Debug|Any CPU.ActiveCfg = Debug|Any CPU
		{7EB385DC-AD83-489A-9C6F-2135BDE20DBF}.Debug|Any CPU.Build.0 = Debug|Any CPU
		{7EB385DC-AD83-489A-9C6F-2135BDE20DBF}.Release|Any CPU.ActiveCfg = Release|Any CPU
		{7EB385DC-AD83-489A-9C6F-2135BDE20DBF}.Release|Any CPU.Build.0 = Release|Any CPU
		{C22447E5-9FA9-4930-BBB3-B05702D404E4}.Debug|Any CPU.ActiveCfg = Debug|Any CPU
		{C22447E5-9FA9-4930-BBB3-B05702D404E4}.Debug|Any CPU.Build.0 = Debug|Any CPU
		{C22447E5-9FA9-4930-BBB3-B05702D404E4}.Release|Any CPU.ActiveCfg = Release|Any CPU
		{C22447E5-9FA9-4930-BBB3-B05702D404E4}.Release|Any CPU.Build.0 = Release|Any CPU
		{A97E7C38-F6B1-4394-A870-DB60A5A08304}.Debug|Any CPU.ActiveCfg = Debug|Any CPU
		{A97E7C38-F6B1-4394-A870-DB60A5A08304}.Debug|Any CPU.Build.0 = Debug|Any CPU
		{A97E7C38-F6B1-4394-A870-DB60A5A08304}.Release|Any CPU.ActiveCfg = Release|Any CPU
		{A97E7C38-F6B1-4394-A870-DB60A5A08304}.Release|Any CPU.Build.0 = Release|Any CPU
		{0E93F86A-7F37-459A-B55D-934B1A7B24BD}.Debug|Any CPU.ActiveCfg = Debug|Any CPU
		{0E93F86A-7F37-459A-B55D-934B1A7B24BD}.Debug|Any CPU.Build.0 = Debug|Any CPU
		{0E93F86A-7F37-459A-B55D-934B1A7B24BD}.Release|Any CPU.ActiveCfg = Release|Any CPU
		{0E93F86A-7F37-459A-B55D-934B1A7B24BD}.Release|Any CPU.Build.0 = Release|Any CPU
		{4B9FE0B3-DB5D-4021-A6D1-59B1295CBD1A}.Debug|Any CPU.ActiveCfg = Debug|Any CPU
		{4B9FE0B3-DB5D-4021-A6D1-59B1295CBD1A}.Debug|Any CPU.Build.0 = Debug|Any CPU
		{4B9FE0B3-DB5D-4021-A6D1-59B1295CBD1A}.Release|Any CPU.ActiveCfg = Release|Any CPU
		{4B9FE0B3-DB5D-4021-A6D1-59B1295CBD1A}.Release|Any CPU.Build.0 = Release|Any CPU
		{E95051DD-A29B-480F-A05A-C5943F759968}.Debug|Any CPU.ActiveCfg = Debug|Any CPU
		{E95051DD-A29B-480F-A05A-C5943F759968}.Debug|Any CPU.Build.0 = Debug|Any CPU
		{E95051DD-A29B-480F-A05A-C5943F759968}.Release|Any CPU.ActiveCfg = Release|Any CPU
		{E95051DD-A29B-480F-A05A-C5943F759968}.Release|Any CPU.Build.0 = Release|Any CPU
		{F8FF5124-0986-402E-A0B8-B4469FD2EEF9}.Debug|Any CPU.ActiveCfg = Debug|Any CPU
		{F8FF5124-0986-402E-A0B8-B4469FD2EEF9}.Debug|Any CPU.Build.0 = Debug|Any CPU
		{F8FF5124-0986-402E-A0B8-B4469FD2EEF9}.Release|Any CPU.ActiveCfg = Release|Any CPU
		{F8FF5124-0986-402E-A0B8-B4469FD2EEF9}.Release|Any CPU.Build.0 = Release|Any CPU
		{BCA2719A-51DE-417F-AF43-77F3E791186D}.Debug|Any CPU.ActiveCfg = Debug|Any CPU
		{BCA2719A-51DE-417F-AF43-77F3E791186D}.Debug|Any CPU.Build.0 = Debug|Any CPU
		{BCA2719A-51DE-417F-AF43-77F3E791186D}.Release|Any CPU.ActiveCfg = Release|Any CPU
		{BCA2719A-51DE-417F-AF43-77F3E791186D}.Release|Any CPU.Build.0 = Release|Any CPU
		{E8592E31-D5C9-41A8-9BF4-F897D39C7F24}.Debug|Any CPU.ActiveCfg = Debug|Any CPU
		{E8592E31-D5C9-41A8-9BF4-F897D39C7F24}.Debug|Any CPU.Build.0 = Debug|Any CPU
		{E8592E31-D5C9-41A8-9BF4-F897D39C7F24}.Release|Any CPU.ActiveCfg = Release|Any CPU
		{E8592E31-D5C9-41A8-9BF4-F897D39C7F24}.Release|Any CPU.Build.0 = Release|Any CPU
		{BB01ACC6-C043-4106-BCEB-171AD653EDF8}.Debug|Any CPU.ActiveCfg = Debug|Any CPU
		{BB01ACC6-C043-4106-BCEB-171AD653EDF8}.Debug|Any CPU.Build.0 = Debug|Any CPU
		{BB01ACC6-C043-4106-BCEB-171AD653EDF8}.Release|Any CPU.ActiveCfg = Release|Any CPU
		{BB01ACC6-C043-4106-BCEB-171AD653EDF8}.Release|Any CPU.Build.0 = Release|Any CPU
		{0AF812ED-170C-421E-A9F0-DB1874147E3A}.Debug|Any CPU.ActiveCfg = Debug|Any CPU
		{0AF812ED-170C-421E-A9F0-DB1874147E3A}.Debug|Any CPU.Build.0 = Debug|Any CPU
		{0AF812ED-170C-421E-A9F0-DB1874147E3A}.Release|Any CPU.ActiveCfg = Release|Any CPU
		{0AF812ED-170C-421E-A9F0-DB1874147E3A}.Release|Any CPU.Build.0 = Release|Any CPU
	EndGlobalSection
	GlobalSection(SolutionProperties) = preSolution
		HideSolutionNode = FALSE
	EndGlobalSection
	GlobalSection(NestedProjects) = preSolution
		{4B9FE0B3-DB5D-4021-A6D1-59B1295CBD1A} = {F5A543B5-E225-4222-8937-EEB84639D318}
	EndGlobalSection
	GlobalSection(ExtensibilityGlobals) = postSolution
		SolutionGuid = {6CB6599C-1738-442C-BE28-A097921B683A}
	EndGlobalSection
EndGlobal
